
Microsoft Visual Studio Solution File, Format Version 12.00
# Visual Studio Version 16
VisualStudioVersion = 16.0.29209.62
MinimumVisualStudioVersion = 10.0.40219.1
Project("{FAE04EC0-301F-11D3-BF4B-00C04F79EFBC}") = "push2worktile", "push2worktile\push2worktile.csproj", "{A3F68BC9-DF72-4966-86B4-3C837C5B84D8}"
EndProject
Global
	GlobalSection(SolutionConfigurationPlatforms) = preSolution
		Debug|Any CPU = Debug|Any CPU
		Release|Any CPU = Release|Any CPU
	EndGlobalSection
	GlobalSection(ProjectConfigurationPlatforms) = postSolution
		{A3F68BC9-DF72-4966-86B4-3C837C5B84D8}.Debug|Any CPU.ActiveCfg = Debug|Any CPU
		{A3F68BC9-DF72-4966-86B4-3C837C5B84D8}.Debug|Any CPU.Build.0 = Debug|Any CPU
		{A3F68BC9-DF72-4966-86B4-3C837C5B84D8}.Release|Any CPU.ActiveCfg = Release|Any CPU
		{A3F68BC9-DF72-4966-86B4-3C837C5B84D8}.Release|Any CPU.Build.0 = Release|Any CPU
	EndGlobalSection
	GlobalSection(SolutionProperties) = preSolution
		HideSolutionNode = FALSE
	EndGlobalSection
	GlobalSection(ExtensibilityGlobals) = postSolution
		SolutionGuid = {B489ECB4-5B9E-4AFB-B776-82338B4C2AA3}
	EndGlobalSection
EndGlobal
